
Microsoft Visual Studio Solution File, Format Version 12.00
# Visual Studio Version 17
VisualStudioVersion = 17.2.32519.379
MinimumVisualStudioVersion = 10.0.40219.1
Project("{9A19103F-16F7-4668-BE54-9A1E7A4F7556}") = "sensi_hub_service", "sensi_hub_service\sensi_hub_service.csproj", "{02442D72-EFD0-4FCC-BE74-5C397C29C14E}"
EndProject
Project("{9A19103F-16F7-4668-BE54-9A1E7A4F7556}") = "sensi_hub_service.Tests", "sensi_hub_service.Tests\sensi_hub_service.Tests.csproj", "{F454D103-C91C-4FE3-987E-5835290798E7}"
EndProject
Global
	GlobalSection(SolutionConfigurationPlatforms) = preSolution
		Debug|Any CPU = Debug|Any CPU
		Release|Any CPU = Release|Any CPU
	EndGlobalSection
	GlobalSection(ProjectConfigurationPlatforms) = postSolution
		{02442D72-EFD0-4FCC-BE74-5C397C29C14E}.Debug|Any CPU.ActiveCfg = Debug|Any CPU
		{02442D72-EFD0-4FCC-BE74-5C397C29C14E}.Debug|Any CPU.Build.0 = Debug|Any CPU
		{02442D72-EFD0-4FCC-BE74-5C397C29C14E}.Release|Any CPU.ActiveCfg = Release|Any CPU
		{02442D72-EFD0-4FCC-BE74-5C397C29C14E}.Release|Any CPU.Build.0 = Release|Any CPU
		{F454D103-C91C-4FE3-987E-5835290798E7}.Debug|Any CPU.ActiveCfg = Debug|Any CPU
		{F454D103-C91C-4FE3-987E-5835290798E7}.Debug|Any CPU.Build.0 = Debug|Any CPU
		{F454D103-C91C-4FE3-987E-5835290798E7}.Release|Any CPU.ActiveCfg = Release|Any CPU
		{F454D103-C91C-4FE3-987E-5835290798E7}.Release|Any CPU.Build.0 = Release|Any CPU
	EndGlobalSection
	GlobalSection(SolutionProperties) = preSolution
		HideSolutionNode = FALSE
	EndGlobalSection
	GlobalSection(ExtensibilityGlobals) = postSolution
		SolutionGuid = {836EA8FB-B0DC-4B66-9451-E98E98CA1DA7}
	EndGlobalSection
EndGlobal
